
Microsoft Visual Studio Solution File, Format Version 12.00
# Visual Studio Version 16
VisualStudioVersion = 16.0.30804.86
MinimumVisualStudioVersion = 10.0.40219.1
Project("{9A19103F-16F7-4668-BE54-9A1E7A4F7556}") = "BigDataTechnology.WebApi", "BigDataTechnology.WebApi\BigDataTechnology.WebApi.csproj", "{F9878B1D-D618-4829-A5BC-DA25C1F7BE06}"
EndProject
Project("{FAE04EC0-301F-11D3-BF4B-00C04F79EFBC}") = "BigDataTechnology.Entities", "BigDataTechnology.Entities\BigDataTechnology.Entities.csproj", "{E9556BBA-4810-473F-A019-759CA6163A20}"
EndProject
Project("{FAE04EC0-301F-11D3-BF4B-00C04F79EFBC}") = "BigDataTechnology.DATA", "BigDataTechnology.DATA\BigDataTechnology.DATA.csproj", "{D5225AED-BC93-49A5-8986-F6E2F170778C}"
EndProject
Project("{FAE04EC0-301F-11D3-BF4B-00C04F79EFBC}") = "BigDataTechnology.DAL", "BigDataTechnology.DAL\BigDataTechnology.DAL.csproj", "{BBC1D971-1C9D-453C-9A78-FD0F827CA82D}"
EndProject
Project("{FAE04EC0-301F-11D3-BF4B-00C04F79EFBC}") = "BigDataTechnoloy.Business", "BigDataTechnoloy.Business\BigDataTechnoloy.Business.csproj", "{38D1BC74-D6A4-48CA-9297-EFBD6E144C45}"
EndProject
Project("{FAE04EC0-301F-11D3-BF4B-00C04F79EFBC}") = "BigDataTechnology.Monitoring.Console", "BigDataTechnology.Monitoring.Console\BigDataTechnology.Monitoring.Console.csproj", "{5EA53DB9-19F4-4413-821F-9A59F0F678FE}"
EndProject
Global
	GlobalSection(SolutionConfigurationPlatforms) = preSolution
		Debug|Any CPU = Debug|Any CPU
		Release|Any CPU = Release|Any CPU
	EndGlobalSection
	GlobalSection(ProjectConfigurationPlatforms) = postSolution
		{F9878B1D-D618-4829-A5BC-DA25C1F7BE06}.Debug|Any CPU.ActiveCfg = Debug|Any CPU
		{F9878B1D-D618-4829-A5BC-DA25C1F7BE06}.Debug|Any CPU.Build.0 = Debug|Any CPU
		{F9878B1D-D618-4829-A5BC-DA25C1F7BE06}.Release|Any CPU.ActiveCfg = Release|Any CPU
		{F9878B1D-D618-4829-A5BC-DA25C1F7BE06}.Release|Any CPU.Build.0 = Release|Any CPU
		{E9556BBA-4810-473F-A019-759CA6163A20}.Debug|Any CPU.ActiveCfg = Debug|Any CPU
		{E9556BBA-4810-473F-A019-759CA6163A20}.Debug|Any CPU.Build.0 = Debug|Any CPU
		{E9556BBA-4810-473F-A019-759CA6163A20}.Release|Any CPU.ActiveCfg = Release|Any CPU
		{E9556BBA-4810-473F-A019-759CA6163A20}.Release|Any CPU.Build.0 = Release|Any CPU
		{D5225AED-BC93-49A5-8986-F6E2F170778C}.Debug|Any CPU.ActiveCfg = Debug|Any CPU
		{D5225AED-BC93-49A5-8986-F6E2F170778C}.Debug|Any CPU.Build.0 = Debug|Any CPU
		{D5225AED-BC93-49A5-8986-F6E2F170778C}.Release|Any CPU.ActiveCfg = Release|Any CPU
		{D5225AED-BC93-49A5-8986-F6E2F170778C}.Release|Any CPU.Build.0 = Release|Any CPU
		{BBC1D971-1C9D-453C-9A78-FD0F827CA82D}.Debug|Any CPU.ActiveCfg = Debug|Any CPU
		{BBC1D971-1C9D-453C-9A78-FD0F827CA82D}.Debug|Any CPU.Build.0 = Debug|Any CPU
		{BBC1D971-1C9D-453C-9A78-FD0F827CA82D}.Release|Any CPU.ActiveCfg = Release|Any CPU
		{BBC1D971-1C9D-453C-9A78-FD0F827CA82D}.Release|Any CPU.Build.0 = Release|Any CPU
		{38D1BC74-D6A4-48CA-9297-EFBD6E144C45}.Debug|Any CPU.ActiveCfg = Debug|Any CPU
		{38D1BC74-D6A4-48CA-9297-EFBD6E144C45}.Debug|Any CPU.Build.0 = Debug|Any CPU
		{38D1BC74-D6A4-48CA-9297-EFBD6E144C45}.Release|Any CPU.ActiveCfg = Release|Any CPU
		{38D1BC74-D6A4-48CA-9297-EFBD6E144C45}.Release|Any CPU.Build.0 = Release|Any CPU
		{5EA53DB9-19F4-4413-821F-9A59F0F678FE}.Debug|Any CPU.ActiveCfg = Debug|Any CPU
		{5EA53DB9-19F4-4413-821F-9A59F0F678FE}.Debug|Any CPU.Build.0 = Debug|Any CPU
		{5EA53DB9-19F4-4413-821F-9A59F0F678FE}.Release|Any CPU.ActiveCfg = Release|Any CPU
		{5EA53DB9-19F4-4413-821F-9A59F0F678FE}.Release|Any CPU.Build.0 = Release|Any CPU
	EndGlobalSection
	GlobalSection(SolutionProperties) = preSolution
		HideSolutionNode = FALSE
	EndGlobalSection
	GlobalSection(ExtensibilityGlobals) = postSolution
		SolutionGuid = {D483CC3F-A6DE-47ED-8B5D-8F64D790AA3F}
	EndGlobalSection
EndGlobal
